// !$*UTF8*$!
{
	archiveVersion = 1;
	classes = {
	};
	objectVersion = 56;
	objects = {

/* Begin PBXBuildFile section */
		5B46253B29BD4E0600143396 /* STableCellView.swift in Sources */ = {isa = PBXBuildFile; fileRef = 5B46253A29BD4E0600143396 /* STableCellView.swift */; };
		7E2786512A017C3C00754955 /* Home.swift in Sources */ = {isa = PBXBuildFile; fileRef = 7E2786502A017C3C00754955 /* Home.swift */; };
		7E3ECACA29CA2438004F93F1 /* ChatHomeViewController.swift in Sources */ = {isa = PBXBuildFile; fileRef = 7E3ECAC929CA2438004F93F1 /* ChatHomeViewController.swift */; };
		7E405495298D8C8E003B5402 /* File.swift in Sources */ = {isa = PBXBuildFile; fileRef = 7E405494298D8C8E003B5402 /* File.swift */; };
		7E405497298D9112003B5402 /* TableViewController.swift in Sources */ = {isa = PBXBuildFile; fileRef = 7E405496298D9112003B5402 /* TableViewController.swift */; };
		7E462CD829B9093100EA56DF /* SuggestionFormViewController.swift in Sources */ = {isa = PBXBuildFile; fileRef = 7E462CD729B9093100EA56DF /* SuggestionFormViewController.swift */; };
		7E4ADA6429E9C28800373E0B /* GoogleService-Info.plist in Resources */ = {isa = PBXBuildFile; fileRef = 7E4ADA6329E9C28800373E0B /* GoogleService-Info.plist */; };
		7E94902629CB6DDB002039D7 /* ChatViewController.swift in Sources */ = {isa = PBXBuildFile; fileRef = 7E94902529CB6DDB002039D7 /* ChatViewController.swift */; };
		7E94902929CB6FC4002039D7 /* MessageKit in Frameworks */ = {isa = PBXBuildFile; productRef = 7E94902829CB6FC4002039D7 /* MessageKit */; };
		7EB27D5829B6560F003892D7 /* AddEditSuggestTableViewController.swift in Sources */ = {isa = PBXBuildFile; fileRef = 7EB27D5729B6560F003892D7 /* AddEditSuggestTableViewController.swift */; };
		7EE00DFC29FAE93800412258 /* LogIn.swift in Sources */ = {isa = PBXBuildFile; fileRef = 7EE00DFB29FAE93800412258 /* LogIn.swift */; };
		7EECC0C229ED98A8001D789E /* ViewController.swift in Sources */ = {isa = PBXBuildFile; fileRef = 7EECC0C129ED98A8001D789E /* ViewController.swift */; };
		FD5CBCB829E5E3CC009FF719 /* CameraViewController1.swift in Sources */ = {isa = PBXBuildFile; fileRef = FD5CBCB729E5E3CC009FF719 /* CameraViewController1.swift */; };
		FD5CBCBD29E8740B009FF719 /* FirebaseAuth in Frameworks */ = {isa = PBXBuildFile; productRef = FD5CBCBC29E8740B009FF719 /* FirebaseAuth */; };
		FD5CBCBF29E8740B009FF719 /* FirebaseDatabase in Frameworks */ = {isa = PBXBuildFile; productRef = FD5CBCBE29E8740B009FF719 /* FirebaseDatabase */; };
		FDB2AD5129674C8600AE8ED3 /* AppDelegate.swift in Sources */ = {isa = PBXBuildFile; fileRef = FDB2AD5029674C8600AE8ED3 /* AppDelegate.swift */; };
		FDB2AD5329674C8600AE8ED3 /* SceneDelegate.swift in Sources */ = {isa = PBXBuildFile; fileRef = FDB2AD5229674C8600AE8ED3 /* SceneDelegate.swift */; };
		FDB2AD5829674C8600AE8ED3 /* Main.storyboard in Resources */ = {isa = PBXBuildFile; fileRef = FDB2AD5629674C8600AE8ED3 /* Main.storyboard */; };
		FDB2AD5A29674C8B00AE8ED3 /* Assets.xcassets in Resources */ = {isa = PBXBuildFile; fileRef = FDB2AD5929674C8B00AE8ED3 /* Assets.xcassets */; };
		FDB2AD5D29674C8B00AE8ED3 /* LaunchScreen.storyboard in Resources */ = {isa = PBXBuildFile; fileRef = FDB2AD5B29674C8B00AE8ED3 /* LaunchScreen.storyboard */; };
/* End PBXBuildFile section */

/* Begin PBXFileReference section */
		5B0E002129CCCCC300D129A1 /* customPopOver.swift */ = {isa = PBXFileReference; lastKnownFileType = sourcecode.swift; path = customPopOver.swift; sourceTree = "<group>"; };
		5B46253A29BD4E0600143396 /* STableCellView.swift */ = {isa = PBXFileReference; lastKnownFileType = sourcecode.swift; path = STableCellView.swift; sourceTree = "<group>"; };
		7E2786502A017C3C00754955 /* Home.swift */ = {isa = PBXFileReference; lastKnownFileType = sourcecode.swift; path = Home.swift; sourceTree = "<group>"; };
		7E3ECAC929CA2438004F93F1 /* ChatHomeViewController.swift */ = {isa = PBXFileReference; lastKnownFileType = sourcecode.swift; path = ChatHomeViewController.swift; sourceTree = "<group>"; };
		7E405494298D8C8E003B5402 /* File.swift */ = {isa = PBXFileReference; lastKnownFileType = sourcecode.swift; path = File.swift; sourceTree = "<group>"; };
		7E405496298D9112003B5402 /* TableViewController.swift */ = {isa = PBXFileReference; lastKnownFileType = sourcecode.swift; path = TableViewController.swift; sourceTree = "<group>"; };
		7E462CD729B9093100EA56DF /* SuggestionFormViewController.swift */ = {isa = PBXFileReference; lastKnownFileType = sourcecode.swift; path = SuggestionFormViewController.swift; sourceTree = "<group>"; };
		7E4ADA6329E9C28800373E0B /* GoogleService-Info.plist */ = {isa = PBXFileReference; fileEncoding = 4; lastKnownFileType = text.plist.xml; path = "GoogleService-Info.plist"; sourceTree = "<group>"; };
		7E94902529CB6DDB002039D7 /* ChatViewController.swift */ = {isa = PBXFileReference; lastKnownFileType = sourcecode.swift; path = ChatViewController.swift; sourceTree = "<group>"; };
		7EB27D5729B6560F003892D7 /* AddEditSuggestTableViewController.swift */ = {isa = PBXFileReference; lastKnownFileType = sourcecode.swift; path = AddEditSuggestTableViewController.swift; sourceTree = "<group>"; };
		7EE00DFB29FAE93800412258 /* LogIn.swift */ = {isa = PBXFileReference; lastKnownFileType = sourcecode.swift; path = LogIn.swift; sourceTree = "<group>"; };
		7EECC0C129ED98A8001D789E /* ViewController.swift */ = {isa = PBXFileReference; lastKnownFileType = sourcecode.swift; path = ViewController.swift; sourceTree = "<group>"; };
		FD5CBCB729E5E3CC009FF719 /* CameraViewController1.swift */ = {isa = PBXFileReference; lastKnownFileType = sourcecode.swift; path = CameraViewController1.swift; sourceTree = "<group>"; };
		FDB2AD4D29674C8600AE8ED3 /* Student Voice.app */ = {isa = PBXFileReference; explicitFileType = wrapper.application; includeInIndex = 0; path = "Student Voice.app"; sourceTree = BUILT_PRODUCTS_DIR; };
		FDB2AD5029674C8600AE8ED3 /* AppDelegate.swift */ = {isa = PBXFileReference; lastKnownFileType = sourcecode.swift; path = AppDelegate.swift; sourceTree = "<group>"; };
		FDB2AD5229674C8600AE8ED3 /* SceneDelegate.swift */ = {isa = PBXFileReference; lastKnownFileType = sourcecode.swift; path = SceneDelegate.swift; sourceTree = "<group>"; };
		FDB2AD5729674C8600AE8ED3 /* Base */ = {isa = PBXFileReference; lastKnownFileType = file.storyboard; name = Base; path = Base.lproj/Main.storyboard; sourceTree = "<group>"; };
		FDB2AD5929674C8B00AE8ED3 /* Assets.xcassets */ = {isa = PBXFileReference; lastKnownFileType = folder.assetcatalog; path = Assets.xcassets; sourceTree = "<group>"; };
		FDB2AD5C29674C8B00AE8ED3 /* Base */ = {isa = PBXFileReference; lastKnownFileType = file.storyboard; name = Base; path = Base.lproj/LaunchScreen.storyboard; sourceTree = "<group>"; };
		FDB2AD5E29674C8B00AE8ED3 /* Info.plist */ = {isa = PBXFileReference; lastKnownFileType = text.plist.xml; path = Info.plist; sourceTree = "<group>"; };
/* End PBXFileReference section */

/* Begin PBXFrameworksBuildPhase section */
		FDB2AD4A29674C8600AE8ED3 /* Frameworks */ = {
			isa = PBXFrameworksBuildPhase;
			buildActionMask = 2147483647;
			files = (
				FD5CBCBF29E8740B009FF719 /* FirebaseDatabase in Frameworks */,
				7E94902929CB6FC4002039D7 /* MessageKit in Frameworks */,
				FD5CBCBD29E8740B009FF719 /* FirebaseAuth in Frameworks */,
			);
			runOnlyForDeploymentPostprocessing = 0;
		};
/* End PBXFrameworksBuildPhase section */

/* Begin PBXGroup section */
		FDB2AD4429674C8600AE8ED3 = {
			isa = PBXGroup;
			children = (
				5B0E002129CCCCC300D129A1 /* customPopOver.swift */,
				FDB2AD4F29674C8600AE8ED3 /* Student Voice */,
				FDB2AD4E29674C8600AE8ED3 /* Products */,
			);
			sourceTree = "<group>";
		};
		FDB2AD4E29674C8600AE8ED3 /* Products */ = {
			isa = PBXGroup;
			children = (
				FDB2AD4D29674C8600AE8ED3 /* Student Voice.app */,
			);
			name = Products;
			sourceTree = "<group>";
		};
		FDB2AD4F29674C8600AE8ED3 /* Student Voice */ = {
			isa = PBXGroup;
			children = (
				7E4ADA6329E9C28800373E0B /* GoogleService-Info.plist */,
				FDB2AD5029674C8600AE8ED3 /* AppDelegate.swift */,
				FDB2AD5229674C8600AE8ED3 /* SceneDelegate.swift */,
				7E405494298D8C8E003B5402 /* File.swift */,
				FDB2AD5629674C8600AE8ED3 /* Main.storyboard */,
				7E2786502A017C3C00754955 /* Home.swift */,
				7EE00DFB29FAE93800412258 /* LogIn.swift */,
				7EECC0C129ED98A8001D789E /* ViewController.swift */,
				7E3ECAC929CA2438004F93F1 /* ChatHomeViewController.swift */,
				7E94902529CB6DDB002039D7 /* ChatViewController.swift */,
				7E462CD729B9093100EA56DF /* SuggestionFormViewController.swift */,
				FD5CBCB729E5E3CC009FF719 /* CameraViewController1.swift */,
				7EB27D5729B6560F003892D7 /* AddEditSuggestTableViewController.swift */,
				7E405496298D9112003B5402 /* TableViewController.swift */,
				5B46253A29BD4E0600143396 /* STableCellView.swift */,
				FDB2AD5929674C8B00AE8ED3 /* Assets.xcassets */,
				FDB2AD5B29674C8B00AE8ED3 /* LaunchScreen.storyboard */,
				FDB2AD5E29674C8B00AE8ED3 /* Info.plist */,
			);
			path = "Student Voice";
			sourceTree = "<group>";
		};
/* End PBXGroup section */

/* Begin PBXNativeTarget section */
		FDB2AD4C29674C8600AE8ED3 /* Student Voice */ = {
			isa = PBXNativeTarget;
			buildConfigurationList = FDB2AD6129674C8B00AE8ED3 /* Build configuration list for PBXNativeTarget "Student Voice" */;
			buildPhases = (
				FDB2AD4929674C8600AE8ED3 /* Sources */,
				FDB2AD4A29674C8600AE8ED3 /* Frameworks */,
				FDB2AD4B29674C8600AE8ED3 /* Resources */,
			);
			buildRules = (
			);
			dependencies = (
			);
			name = "Student Voice";
			packageProductDependencies = (
				7E94902829CB6FC4002039D7 /* MessageKit */,
				FD5CBCBC29E8740B009FF719 /* FirebaseAuth */,
				FD5CBCBE29E8740B009FF719 /* FirebaseDatabase */,
			);
			productName = "Student Voice";
			productReference = FDB2AD4D29674C8600AE8ED3 /* Student Voice.app */;
			productType = "com.apple.product-type.application";
		};
/* End PBXNativeTarget section */

/* Begin PBXProject section */
		FDB2AD4529674C8600AE8ED3 /* Project object */ = {
			isa = PBXProject;
			attributes = {
				BuildIndependentTargetsInParallel = 1;
				LastSwiftUpdateCheck = 1410;
				LastUpgradeCheck = 1410;
				TargetAttributes = {
					FDB2AD4C29674C8600AE8ED3 = {
						CreatedOnToolsVersion = 14.1;
					};
				};
			};
			buildConfigurationList = FDB2AD4829674C8600AE8ED3 /* Build configuration list for PBXProject "Student Voice" */;
			compatibilityVersion = "Xcode 14.0";
			developmentRegion = en;
			hasScannedForEncodings = 0;
			knownRegions = (
				en,
				Base,
			);
			mainGroup = FDB2AD4429674C8600AE8ED3;
			packageReferences = (
				7E94902729CB6FC4002039D7 /* XCRemoteSwiftPackageReference "MessageKit" */,
				FD5CBCBB29E8740A009FF719 /* XCRemoteSwiftPackageReference "firebase-ios-sdk" */,
			);
			productRefGroup = FDB2AD4E29674C8600AE8ED3 /* Products */;
			projectDirPath = "";
			projectRoot = "";
			targets = (
				FDB2AD4C29674C8600AE8ED3 /* Student Voice */,
			);
		};
/* End PBXProject section */

/* Begin PBXResourcesBuildPhase section */
		FDB2AD4B29674C8600AE8ED3 /* Resources */ = {
			isa = PBXResourcesBuildPhase;
			buildActionMask = 2147483647;
			files = (
				7E4ADA6429E9C28800373E0B /* GoogleService-Info.plist in Resources */,
				FDB2AD5D29674C8B00AE8ED3 /* LaunchScreen.storyboard in Resources */,
				FDB2AD5A29674C8B00AE8ED3 /* Assets.xcassets in Resources */,
				FDB2AD5829674C8600AE8ED3 /* Main.storyboard in Resources */,
			);
			runOnlyForDeploymentPostprocessing = 0;
		};
/* End PBXResourcesBuildPhase section */

/* Begin PBXSourcesBuildPhase section */
		FDB2AD4929674C8600AE8ED3 /* Sources */ = {
			isa = PBXSourcesBuildPhase;
			buildActionMask = 2147483647;
			files = (
				7E462CD829B9093100EA56DF /* SuggestionFormViewController.swift in Sources */,
				FD5CBCB829E5E3CC009FF719 /* CameraViewController1.swift in Sources */,
				5B46253B29BD4E0600143396 /* STableCellView.swift in Sources */,
				7EB27D5829B6560F003892D7 /* AddEditSuggestTableViewController.swift in Sources */,
				7EECC0C229ED98A8001D789E /* ViewController.swift in Sources */,
				7E405495298D8C8E003B5402 /* File.swift in Sources */,
				7E2786512A017C3C00754955 /* Home.swift in Sources */,
				FDB2AD5129674C8600AE8ED3 /* AppDelegate.swift in Sources */,
				7EE00DFC29FAE93800412258 /* LogIn.swift in Sources */,
				7E94902629CB6DDB002039D7 /* ChatViewController.swift in Sources */,
				7E405497298D9112003B5402 /* TableViewController.swift in Sources */,
				7E3ECACA29CA2438004F93F1 /* ChatHomeViewController.swift in Sources */,
				FDB2AD5329674C8600AE8ED3 /* SceneDelegate.swift in Sources */,
			);
			runOnlyForDeploymentPostprocessing = 0;
		};
/* End PBXSourcesBuildPhase section */

/* Begin PBXVariantGroup section */
		FDB2AD5629674C8600AE8ED3 /* Main.storyboard */ = {
			isa = PBXVariantGroup;
			children = (
				FDB2AD5729674C8600AE8ED3 /* Base */,
			);
			name = Main.storyboard;
			sourceTree = "<group>";
		};
		FDB2AD5B29674C8B00AE8ED3 /* LaunchScreen.storyboard */ = {
			isa = PBXVariantGroup;
			children = (
				FDB2AD5C29674C8B00AE8ED3 /* Base */,
			);
			name = LaunchScreen.storyboard;
			sourceTree = "<group>";
		};
/* End PBXVariantGroup section */

/* Begin XCBuildConfiguration section */
		FDB2AD5F29674C8B00AE8ED3 /* Debug */ = {
			isa = XCBuildConfiguration;
			buildSettings = {
				ALWAYS_SEARCH_USER_PATHS = NO;
				CLANG_ANALYZER_NONNULL = YES;
				CLANG_ANALYZER_NUMBER_OBJECT_CONVERSION = YES_AGGRESSIVE;
				CLANG_CXX_LANGUAGE_STANDARD = "gnu++20";
				CLANG_ENABLE_MODULES = YES;
				CLANG_ENABLE_OBJC_ARC = YES;
				CLANG_ENABLE_OBJC_WEAK = YES;
				CLANG_WARN_BLOCK_CAPTURE_AUTORELEASING = YES;
				CLANG_WARN_BOOL_CONVERSION = YES;
				CLANG_WARN_COMMA = YES;
				CLANG_WARN_CONSTANT_CONVERSION = YES;
				CLANG_WARN_DEPRECATED_OBJC_IMPLEMENTATIONS = YES;
				CLANG_WARN_DIRECT_OBJC_ISA_USAGE = YES_ERROR;
				CLANG_WARN_DOCUMENTATION_COMMENTS = YES;
				CLANG_WARN_EMPTY_BODY = YES;
				CLANG_WARN_ENUM_CONVERSION = YES;
				CLANG_WARN_INFINITE_RECURSION = YES;
				CLANG_WARN_INT_CONVERSION = YES;
				CLANG_WARN_NON_LITERAL_NULL_CONVERSION = YES;
				CLANG_WARN_OBJC_IMPLICIT_RETAIN_SELF = YES;
				CLANG_WARN_OBJC_LITERAL_CONVERSION = YES;
				CLANG_WARN_OBJC_ROOT_CLASS = YES_ERROR;
				CLANG_WARN_QUOTED_INCLUDE_IN_FRAMEWORK_HEADER = YES;
				CLANG_WARN_RANGE_LOOP_ANALYSIS = YES;
				CLANG_WARN_STRICT_PROTOTYPES = YES;
				CLANG_WARN_SUSPICIOUS_MOVE = YES;
				CLANG_WARN_UNGUARDED_AVAILABILITY = YES_AGGRESSIVE;
				CLANG_WARN_UNREACHABLE_CODE = YES;
				CLANG_WARN__DUPLICATE_METHOD_MATCH = YES;
				COPY_PHASE_STRIP = NO;
				DEBUG_INFORMATION_FORMAT = dwarf;
				ENABLE_STRICT_OBJC_MSGSEND = YES;
				ENABLE_TESTABILITY = YES;
				GCC_C_LANGUAGE_STANDARD = gnu11;
				GCC_DYNAMIC_NO_PIC = NO;
				GCC_NO_COMMON_BLOCKS = YES;
				GCC_OPTIMIZATION_LEVEL = 0;
				GCC_PREPROCESSOR_DEFINITIONS = (
					"DEBUG=1",
					"$(inherited)",
				);
				GCC_WARN_64_TO_32_BIT_CONVERSION = YES;
				GCC_WARN_ABOUT_RETURN_TYPE = YES_ERROR;
				GCC_WARN_UNDECLARED_SELECTOR = YES;
				GCC_WARN_UNINITIALIZED_AUTOS = YES_AGGRESSIVE;
				GCC_WARN_UNUSED_FUNCTION = YES;
				GCC_WARN_UNUSED_VARIABLE = YES;
				IPHONEOS_DEPLOYMENT_TARGET = 16.1;
				MTL_ENABLE_DEBUG_INFO = INCLUDE_SOURCE;
				MTL_FAST_MATH = YES;
				ONLY_ACTIVE_ARCH = YES;
				SDKROOT = iphoneos;
				SWIFT_ACTIVE_COMPILATION_CONDITIONS = DEBUG;
				SWIFT_OPTIMIZATION_LEVEL = "-Onone";
			};
			name = Debug;
		};
		FDB2AD6029674C8B00AE8ED3 /* Release */ = {
			isa = XCBuildConfiguration;
			buildSettings = {
				ALWAYS_SEARCH_USER_PATHS = NO;
				CLANG_ANALYZER_NONNULL = YES;
				CLANG_ANALYZER_NUMBER_OBJECT_CONVERSION = YES_AGGRESSIVE;
				CLANG_CXX_LANGUAGE_STANDARD = "gnu++20";
				CLANG_ENABLE_MODULES = YES;
				CLANG_ENABLE_OBJC_ARC = YES;
				CLANG_ENABLE_OBJC_WEAK = YES;
				CLANG_WARN_BLOCK_CAPTURE_AUTORELEASING = YES;
				CLANG_WARN_BOOL_CONVERSION = YES;
				CLANG_WARN_COMMA = YES;
				CLANG_WARN_CONSTANT_CONVERSION = YES;
				CLANG_WARN_DEPRECATED_OBJC_IMPLEMENTATIONS = YES;
				CLANG_WARN_DIRECT_OBJC_ISA_USAGE = YES_ERROR;
				CLANG_WARN_DOCUMENTATION_COMMENTS = YES;
				CLANG_WARN_EMPTY_BODY = YES;
				CLANG_WARN_ENUM_CONVERSION = YES;
				CLANG_WARN_INFINITE_RECURSION = YES;
				CLANG_WARN_INT_CONVERSION = YES;
				CLANG_WARN_NON_LITERAL_NULL_CONVERSION = YES;
				CLANG_WARN_OBJC_IMPLICIT_RETAIN_SELF = YES;
				CLANG_WARN_OBJC_LITERAL_CONVERSION = YES;
				CLANG_WARN_OBJC_ROOT_CLASS = YES_ERROR;
				CLANG_WARN_QUOTED_INCLUDE_IN_FRAMEWORK_HEADER = YES;
				CLANG_WARN_RANGE_LOOP_ANALYSIS = YES;
				CLANG_WARN_STRICT_PROTOTYPES = YES;
				CLANG_WARN_SUSPICIOUS_MOVE = YES;
				CLANG_WARN_UNGUARDED_AVAILABILITY = YES_AGGRESSIVE;
				CLANG_WARN_UNREACHABLE_CODE = YES;
				CLANG_WARN__DUPLICATE_METHOD_MATCH = YES;
				COPY_PHASE_STRIP = NO;
				DEBUG_INFORMATION_FORMAT = "dwarf-with-dsym";
				ENABLE_NS_ASSERTIONS = NO;
				ENABLE_STRICT_OBJC_MSGSEND = YES;
				GCC_C_LANGUAGE_STANDARD = gnu11;
				GCC_NO_COMMON_BLOCKS = YES;
				GCC_WARN_64_TO_32_BIT_CONVERSION = YES;
				GCC_WARN_ABOUT_RETURN_TYPE = YES_ERROR;
				GCC_WARN_UNDECLARED_SELECTOR = YES;
				GCC_WARN_UNINITIALIZED_AUTOS = YES_AGGRESSIVE;
				GCC_WARN_UNUSED_FUNCTION = YES;
				GCC_WARN_UNUSED_VARIABLE = YES;
				IPHONEOS_DEPLOYMENT_TARGET = 16.1;
				MTL_ENABLE_DEBUG_INFO = NO;
				MTL_FAST_MATH = YES;
				SDKROOT = iphoneos;
				SWIFT_COMPILATION_MODE = wholemodule;
				SWIFT_OPTIMIZATION_LEVEL = "-O";
				VALIDATE_PRODUCT = YES;
			};
			name = Release;
		};
		FDB2AD6229674C8B00AE8ED3 /* Debug */ = {
			isa = XCBuildConfiguration;
			buildSettings = {
				ASSETCATALOG_COMPILER_APPICON_NAME = AppIcon;
				ASSETCATALOG_COMPILER_GLOBAL_ACCENT_COLOR_NAME = AccentColor;
				CODE_SIGN_STYLE = Automatic;
				CURRENT_PROJECT_VERSION = 1;
				DEVELOPMENT_TEAM = G79Z9Z2MCZ;
				GENERATE_INFOPLIST_FILE = YES;
				INFOPLIST_FILE = "Student Voice/Info.plist";
				INFOPLIST_KEY_UIApplicationSupportsIndirectInputEvents = YES;
				INFOPLIST_KEY_UILaunchStoryboardName = LaunchScreen;
				INFOPLIST_KEY_UIMainStoryboardFile = Main;
				INFOPLIST_KEY_UISupportedInterfaceOrientations_iPad = "UIInterfaceOrientationPortrait UIInterfaceOrientationPortraitUpsideDown UIInterfaceOrientationLandscapeLeft UIInterfaceOrientationLandscapeRight";
				INFOPLIST_KEY_UISupportedInterfaceOrientations_iPhone = "UIInterfaceOrientationPortrait UIInterfaceOrientationLandscapeLeft UIInterfaceOrientationLandscapeRight";
				LD_RUNPATH_SEARCH_PATHS = (
					"$(inherited)",
					"@executable_path/Frameworks",
				);
				MARKETING_VERSION = 1.0;
				PRODUCT_BUNDLE_IDENTIFIER = "com.JohnBaez.Student-Voice";
				PRODUCT_NAME = "$(TARGET_NAME)";
				SWIFT_EMIT_LOC_STRINGS = YES;
				SWIFT_VERSION = 5.0;
				TARGETED_DEVICE_FAMILY = "1,2";
			};
			name = Debug;
		};
		FDB2AD6329674C8B00AE8ED3 /* Release */ = {
			isa = XCBuildConfiguration;
			buildSettings = {
				ASSETCATALOG_COMPILER_APPICON_NAME = AppIcon;
				ASSETCATALOG_COMPILER_GLOBAL_ACCENT_COLOR_NAME = AccentColor;
				CODE_SIGN_STYLE = Automatic;
				CURRENT_PROJECT_VERSION = 1;
				DEVELOPMENT_TEAM = G79Z9Z2MCZ;
				GENERATE_INFOPLIST_FILE = YES;
				INFOPLIST_FILE = "Student Voice/Info.plist";
				INFOPLIST_KEY_UIApplicationSupportsIndirectInputEvents = YES;
				INFOPLIST_KEY_UILaunchStoryboardName = LaunchScreen;
				INFOPLIST_KEY_UIMainStoryboardFile = Main;
				INFOPLIST_KEY_UISupportedInterfaceOrientations_iPad = "UIInterfaceOrientationPortrait UIInterfaceOrientationPortraitUpsideDown UIInterfaceOrientationLandscapeLeft UIInterfaceOrientationLandscapeRight";
				INFOPLIST_KEY_UISupportedInterfaceOrientations_iPhone = "UIInterfaceOrientationPortrait UIInterfaceOrientationLandscapeLeft UIInterfaceOrientationLandscapeRight";
				LD_RUNPATH_SEARCH_PATHS = (
					"$(inherited)",
					"@executable_path/Frameworks",
				);
				MARKETING_VERSION = 1.0;
				PRODUCT_BUNDLE_IDENTIFIER = "com.JohnBaez.Student-Voice";
				PRODUCT_NAME = "$(TARGET_NAME)";
				SWIFT_EMIT_LOC_STRINGS = YES;
				SWIFT_VERSION = 5.0;
				TARGETED_DEVICE_FAMILY = "1,2";
			};
			name = Release;
		};
/* End XCBuildConfiguration section */

/* Begin XCConfigurationList section */
		FDB2AD4829674C8600AE8ED3 /* Build configuration list for PBXProject "Student Voice" */ = {
			isa = XCConfigurationList;
			buildConfigurations = (
				FDB2AD5F29674C8B00AE8ED3 /* Debug */,
				FDB2AD6029674C8B00AE8ED3 /* Release */,
			);
			defaultConfigurationIsVisible = 0;
			defaultConfigurationName = Release;
		};
		FDB2AD6129674C8B00AE8ED3 /* Build configuration list for PBXNativeTarget "Student Voice" */ = {
			isa = XCConfigurationList;
			buildConfigurations = (
				FDB2AD6229674C8B00AE8ED3 /* Debug */,
				FDB2AD6329674C8B00AE8ED3 /* Release */,
			);
			defaultConfigurationIsVisible = 0;
			defaultConfigurationName = Release;
		};
/* End XCConfigurationList section */

/* Begin XCRemoteSwiftPackageReference section */
		7E94902729CB6FC4002039D7 /* XCRemoteSwiftPackageReference "MessageKit" */ = {
			isa = XCRemoteSwiftPackageReference;
			repositoryURL = "https://github.com/MessageKit/MessageKit";
			requirement = {
				kind = upToNextMajorVersion;
				minimumVersion = 4.0.0;
			};
		};
		FD5CBCBB29E8740A009FF719 /* XCRemoteSwiftPackageReference "firebase-ios-sdk" */ = {
			isa = XCRemoteSwiftPackageReference;
			repositoryURL = "https://github.com/firebase/firebase-ios-sdk";
			requirement = {
				kind = upToNextMajorVersion;
				minimumVersion = 9.0.0;
			};
		};
/* End XCRemoteSwiftPackageReference section */

/* Begin XCSwiftPackageProductDependency section */
		7E94902829CB6FC4002039D7 /* MessageKit */ = {
			isa = XCSwiftPackageProductDependency;
			package = 7E94902729CB6FC4002039D7 /* XCRemoteSwiftPackageReference "MessageKit" */;
			productName = MessageKit;
		};
		FD5CBCBC29E8740B009FF719 /* FirebaseAuth */ = {
			isa = XCSwiftPackageProductDependency;
			package = FD5CBCBB29E8740A009FF719 /* XCRemoteSwiftPackageReference "firebase-ios-sdk" */;
			productName = FirebaseAuth;
		};
		FD5CBCBE29E8740B009FF719 /* FirebaseDatabase */ = {
			isa = XCSwiftPackageProductDependency;
			package = FD5CBCBB29E8740A009FF719 /* XCRemoteSwiftPackageReference "firebase-ios-sdk" */;
			productName = FirebaseDatabase;
		};
/* End XCSwiftPackageProductDependency section */
	};
	rootObject = FDB2AD4529674C8600AE8ED3 /* Project object */;
}
